<Solution>
  <Folder Name="/src/">
    <Project Path="src/XFramework.Domain/XFramework.Domain.csproj" />
    <Project Path="src/XFramework.Application.Contracts/XFramework.Application.Contracts.csproj" />
    <Project Path="src/XFramework.Application/XFramework.Application.csproj" />
    <Project Path="src/XFramework.EntityFrameworkCore/XFramework.EntityFrameworkCore.csproj" />
    <Project Path="src/XFramework.Infrastructure/XFramework.Infrastructure.csproj" />
    <Project Path="src/XFramework.Blazor/XFramework.Blazor.csproj" />
  </Folder>
  <Folder Name="/tests/">
    <Project Path="tests/XFramework.Tests/XFramework.Tests.csproj" />
    <Project Path="tests/XFramework.IntegrationTests/XFramework.IntegrationTests.csproj" />
  </Folder>
</Solution>
